
Microsoft Visual Studio Solution File, Format Version 12.00
# Visual Studio 15
VisualStudioVersion = 15.0.28307.705
MinimumVisualStudioVersion = 10.0.40219.1
Project("{FAE04EC0-301F-11D3-BF4B-00C04F79EFBC}") = "Movies.API", "Movies.API\Movies.API.csproj", "{9186BCAC-6B82-46E2-A48E-50526C8DB021}"
EndProject
Project("{FAE04EC0-301F-11D3-BF4B-00C04F79EFBC}") = "Movies.BusinessLayer", "Movies.BusinessLayer\Movies.BusinessLayer.csproj", "{1B90E2C5-E913-4F0C-827E-36A8E8DF6DCF}"
EndProject
Global
	GlobalSection(SolutionConfigurationPlatforms) = preSolution
		Debug|Any CPU = Debug|Any CPU
		Release|Any CPU = Release|Any CPU
	EndGlobalSection
	GlobalSection(ProjectConfigurationPlatforms) = postSolution
		{9186BCAC-6B82-46E2-A48E-50526C8DB021}.Debug|Any CPU.ActiveCfg = Debug|Any CPU
		{9186BCAC-6B82-46E2-A48E-50526C8DB021}.Debug|Any CPU.Build.0 = Debug|Any CPU
		{9186BCAC-6B82-46E2-A48E-50526C8DB021}.Release|Any CPU.ActiveCfg = Release|Any CPU
		{9186BCAC-6B82-46E2-A48E-50526C8DB021}.Release|Any CPU.Build.0 = Release|Any CPU
		{1B90E2C5-E913-4F0C-827E-36A8E8DF6DCF}.Debug|Any CPU.ActiveCfg = Debug|Any CPU
		{1B90E2C5-E913-4F0C-827E-36A8E8DF6DCF}.Debug|Any CPU.Build.0 = Debug|Any CPU
		{1B90E2C5-E913-4F0C-827E-36A8E8DF6DCF}.Release|Any CPU.ActiveCfg = Release|Any CPU
		{1B90E2C5-E913-4F0C-827E-36A8E8DF6DCF}.Release|Any CPU.Build.0 = Release|Any CPU
	EndGlobalSection
	GlobalSection(SolutionProperties) = preSolution
		HideSolutionNode = FALSE
	EndGlobalSection
	GlobalSection(ExtensibilityGlobals) = postSolution
		SolutionGuid = {5244D3EB-AF12-492D-87A6-5B57D694F1BA}
	EndGlobalSection
EndGlobal
